
Microsoft Visual Studio Solution File, Format Version 12.00
# Visual Studio Version 17
VisualStudioVersion = 17.9.34728.123
MinimumVisualStudioVersion = 10.0.40219.1
Project("{8BC9CEB8-8B4A-11D0-8D11-00A0C91BC942}") = "David Petroff Lab2 COSC 1436 Fall", "David Petroff Lab2 COSC 1436 Fall\David Petroff Lab2 COSC 1436 Fall.vcxproj", "{8F6989E7-BCE7-4118-AB72-916948927ADA}"
EndProject
Global
	GlobalSection(SolutionConfigurationPlatforms) = preSolution
		Debug|x64 = Debug|x64
		Debug|x86 = Debug|x86
		Release|x64 = Release|x64
		Release|x86 = Release|x86
	EndGlobalSection
	GlobalSection(ProjectConfigurationPlatforms) = postSolution
		{8F6989E7-BCE7-4118-AB72-916948927ADA}.Debug|x64.ActiveCfg = Debug|x64
		{8F6989E7-BCE7-4118-AB72-916948927ADA}.Debug|x64.Build.0 = Debug|x64
		{8F6989E7-BCE7-4118-AB72-916948927ADA}.Debug|x86.ActiveCfg = Debug|Win32
		{8F6989E7-BCE7-4118-AB72-916948927ADA}.Debug|x86.Build.0 = Debug|Win32
		{8F6989E7-BCE7-4118-AB72-916948927ADA}.Release|x64.ActiveCfg = Release|x64
		{8F6989E7-BCE7-4118-AB72-916948927ADA}.Release|x64.Build.0 = Release|x64
		{8F6989E7-BCE7-4118-AB72-916948927ADA}.Release|x86.ActiveCfg = Release|Win32
		{8F6989E7-BCE7-4118-AB72-916948927ADA}.Release|x86.Build.0 = Release|Win32
	EndGlobalSection
	GlobalSection(SolutionProperties) = preSolution
		HideSolutionNode = FALSE
	EndGlobalSection
	GlobalSection(ExtensibilityGlobals) = postSolution
		SolutionGuid = {25CFFE79-1C6A-498C-A6CE-B0E5BC977790}
	EndGlobalSection
EndGlobal
