
Microsoft Visual Studio Solution File, Format Version 12.00
# Visual Studio Version 17
VisualStudioVersion = 17.9.34728.123
MinimumVisualStudioVersion = 10.0.40219.1
Project("{8BC9CEB8-8B4A-11D0-8D11-00A0C91BC942}") = "Chapter 3", "Chapter 3\Chapter 3.vcxproj", "{AA9DE3B7-9AD6-4D7A-9A1D-64259DE18EBC}"
EndProject
Global
	GlobalSection(SolutionConfigurationPlatforms) = preSolution
		Debug|x64 = Debug|x64
		Debug|x86 = Debug|x86
		Release|x64 = Release|x64
		Release|x86 = Release|x86
	EndGlobalSection
	GlobalSection(ProjectConfigurationPlatforms) = postSolution
		{AA9DE3B7-9AD6-4D7A-9A1D-64259DE18EBC}.Debug|x64.ActiveCfg = Debug|x64
		{AA9DE3B7-9AD6-4D7A-9A1D-64259DE18EBC}.Debug|x64.Build.0 = Debug|x64
		{AA9DE3B7-9AD6-4D7A-9A1D-64259DE18EBC}.Debug|x86.ActiveCfg = Debug|Win32
		{AA9DE3B7-9AD6-4D7A-9A1D-64259DE18EBC}.Debug|x86.Build.0 = Debug|Win32
		{AA9DE3B7-9AD6-4D7A-9A1D-64259DE18EBC}.Release|x64.ActiveCfg = Release|x64
		{AA9DE3B7-9AD6-4D7A-9A1D-64259DE18EBC}.Release|x64.Build.0 = Release|x64
		{AA9DE3B7-9AD6-4D7A-9A1D-64259DE18EBC}.Release|x86.ActiveCfg = Release|Win32
		{AA9DE3B7-9AD6-4D7A-9A1D-64259DE18EBC}.Release|x86.Build.0 = Release|Win32
	EndGlobalSection
	GlobalSection(SolutionProperties) = preSolution
		HideSolutionNode = FALSE
	EndGlobalSection
	GlobalSection(ExtensibilityGlobals) = postSolution
		SolutionGuid = {7714A2D3-4A4E-4F32-9886-E61B234B388E}
	EndGlobalSection
EndGlobal
